
Microsoft Visual Studio Solution File, Format Version 12.00
# Visual Studio Version 17
VisualStudioVersion = 17.4.33122.133
MinimumVisualStudioVersion = 10.0.40219.1
Project("{FAE04EC0-301F-11D3-BF4B-00C04F79EFBC}") = "LightBramble-QSB-Compatibility", "Source\LightBrambleQSBCompatibility.csproj", "{95696742-6620-4701-B39C-21685069C0FD}"
EndProject
Global
	GlobalSection(SolutionConfigurationPlatforms) = preSolution
		Debug|Any CPU = Debug|Any CPU
		Release|Any CPU = Release|Any CPU
	EndGlobalSection
	GlobalSection(ProjectConfigurationPlatforms) = postSolution
		{95696742-6620-4701-B39C-21685069C0FD}.Debug|Any CPU.ActiveCfg = Debug|Any CPU
		{95696742-6620-4701-B39C-21685069C0FD}.Debug|Any CPU.Build.0 = Debug|Any CPU
		{95696742-6620-4701-B39C-21685069C0FD}.Release|Any CPU.ActiveCfg = Release|Any CPU
		{95696742-6620-4701-B39C-21685069C0FD}.Release|Any CPU.Build.0 = Release|Any CPU
	EndGlobalSection
	GlobalSection(SolutionProperties) = preSolution
		HideSolutionNode = FALSE
	EndGlobalSection
	GlobalSection(ExtensibilityGlobals) = postSolution
		SolutionGuid = {0627F010-AA51-484B-8618-75F371799D03}
	EndGlobalSection
EndGlobal
